
Microsoft Visual Studio Solution File, Format Version 12.00
# Visual Studio 2013
VisualStudioVersion = 12.0.40629.0
MinimumVisualStudioVersion = 10.0.40219.1
Project("{FAE04EC0-301F-11D3-BF4B-00C04F79EFBC}") = "SuperSocket.Common", "SuperSocket.Common\SuperSocket.Common.csproj", "{330DAFAA-6C4F-43A5-ABCC-4AE2DD226500}"
EndProject
Project("{FAE04EC0-301F-11D3-BF4B-00C04F79EFBC}") = "Docs", "Docs\Docs.csproj", "{75D6FFF2-330D-4A5C-BF05-143388B7DD28}"
EndProject
Project("{FAE04EC0-301F-11D3-BF4B-00C04F79EFBC}") = "SuperSocket.SocketBase", "SuperSocket.SocketBase\SuperSocket.SocketBase.csproj", "{56C8455E-C755-4480-8E1A-CDA5C4B202CC}"
EndProject
Global
	GlobalSection(SolutionConfigurationPlatforms) = preSolution
		Debug|Any CPU = Debug|Any CPU
		Release|Any CPU = Release|Any CPU
	EndGlobalSection
	GlobalSection(ProjectConfigurationPlatforms) = postSolution
		{330DAFAA-6C4F-43A5-ABCC-4AE2DD226500}.Debug|Any CPU.ActiveCfg = Debug|Any CPU
		{330DAFAA-6C4F-43A5-ABCC-4AE2DD226500}.Debug|Any CPU.Build.0 = Debug|Any CPU
		{330DAFAA-6C4F-43A5-ABCC-4AE2DD226500}.Release|Any CPU.ActiveCfg = Release|Any CPU
		{330DAFAA-6C4F-43A5-ABCC-4AE2DD226500}.Release|Any CPU.Build.0 = Release|Any CPU
		{75D6FFF2-330D-4A5C-BF05-143388B7DD28}.Debug|Any CPU.ActiveCfg = Debug|Any CPU
		{75D6FFF2-330D-4A5C-BF05-143388B7DD28}.Debug|Any CPU.Build.0 = Debug|Any CPU
		{75D6FFF2-330D-4A5C-BF05-143388B7DD28}.Release|Any CPU.ActiveCfg = Release|Any CPU
		{75D6FFF2-330D-4A5C-BF05-143388B7DD28}.Release|Any CPU.Build.0 = Release|Any CPU
		{56C8455E-C755-4480-8E1A-CDA5C4B202CC}.Debug|Any CPU.ActiveCfg = Debug|Any CPU
		{56C8455E-C755-4480-8E1A-CDA5C4B202CC}.Debug|Any CPU.Build.0 = Debug|Any CPU
		{56C8455E-C755-4480-8E1A-CDA5C4B202CC}.Release|Any CPU.ActiveCfg = Release|Any CPU
		{56C8455E-C755-4480-8E1A-CDA5C4B202CC}.Release|Any CPU.Build.0 = Release|Any CPU
	EndGlobalSection
	GlobalSection(SolutionProperties) = preSolution
		HideSolutionNode = FALSE
	EndGlobalSection
EndGlobal
